
Microsoft Visual Studio Solution File, Format Version 12.00
# Visual Studio Version 16
VisualStudioVersion = 16.0.30011.22
MinimumVisualStudioVersion = 10.0.40219.1
Project("{FAE04EC0-301F-11D3-BF4B-00C04F79EFBC}") = "WeatherForcast", "WeatherForcast\WeatherForcast.csproj", "{B82309D4-3F65-4CC0-8411-F487DB33B45F}"
EndProject
Global
	GlobalSection(SolutionConfigurationPlatforms) = preSolution
		Debug|Any CPU = Debug|Any CPU
		Release|Any CPU = Release|Any CPU
	EndGlobalSection
	GlobalSection(ProjectConfigurationPlatforms) = postSolution
		{B82309D4-3F65-4CC0-8411-F487DB33B45F}.Debug|Any CPU.ActiveCfg = Debug|Any CPU
		{B82309D4-3F65-4CC0-8411-F487DB33B45F}.Debug|Any CPU.Build.0 = Debug|Any CPU
		{B82309D4-3F65-4CC0-8411-F487DB33B45F}.Release|Any CPU.ActiveCfg = Release|Any CPU
		{B82309D4-3F65-4CC0-8411-F487DB33B45F}.Release|Any CPU.Build.0 = Release|Any CPU
	EndGlobalSection
	GlobalSection(SolutionProperties) = preSolution
		HideSolutionNode = FALSE
	EndGlobalSection
	GlobalSection(ExtensibilityGlobals) = postSolution
		SolutionGuid = {72D34BF3-038B-4CB4-B641-C1818A5C50F4}
	EndGlobalSection
EndGlobal
